{
    "_readme": [
        "This file locks the dependencies of your project to a known state",
        "Read more about it at https://getcomposer.org/doc/01-basic-usage.md#installing-dependencies",
        "This file is @generated automatically"
    ],
    "content-hash": "0411678fc60196f00a3748362d083e80",
    "packages": [
        {
            "name": "btcpayserver/btcpayserver-greenfield-php",
            "version": "v1.3.3",
            "source": {
                "type": "git",
                "url": "https://github.com/btcpayserver/btcpayserver-greenfield-php.git",
                "reference": "aff6ab92151431c2faa63c72805aa60736b0deea"
            },
            "dist": {
                "type": "zip",
                "url": "https://api.github.com/repos/btcpayserver/btcpayserver-greenfield-php/zipball/aff6ab92151431c2faa63c72805aa60736b0deea",
                "reference": "aff6ab92151431c2faa63c72805aa60736b0deea",
                "shasum": ""
            },
            "require": {
                "ext-bcmath": "*",
                "ext-curl": "*",
                "ext-json": "*",
                "ext-mbstring": "*",
                "php": ">=7.3.0"
            },
            "require-dev": {
                "friendsofphp/php-cs-fixer": "^3.0",
                "phpunit/phpunit": "^9.5",
                "vimeo/psalm": "^4.8"
            },
            "type": "library",
            "autoload": {
                "psr-4": {
                    "BTCPayServer\\": "src/"
                }
            },
            "notification-url": "https://packagist.org/downloads/",
            "license": [
                "MIT"
            ],
            "authors": [
                {
                    "name": "Wouter Samaey",
                    "email": "wouter.samaey@storefront.be"
                },
                {
                    "name": "Andreas Tasch",
                    "email": "andy.tasch@gmail.com"
                }
            ],
            "description": "BTCPay Server Greenfield API PHP client library.",
            "support": {
                "issues": "https://github.com/btcpayserver/btcpayserver-greenfield-php/issues",
                "source": "https://github.com/btcpayserver/btcpayserver-greenfield-php/tree/v1.3.3"
            },
            "time": "2022-05-21T15:11:12+00:00"
        }
    ],
    "packages-dev": [],
    "aliases": [],
    "minimum-stability": "stable",
    "stability-flags": [],
    "prefer-stable": false,
    "prefer-lowest": false,
    "platform": [],
    "platform-dev": [],
    "plugin-api-version": "2.3.0"
}
